
Microsoft Visual Studio Solution File, Format Version 12.00
# Visual Studio Version 16
VisualStudioVersion = 16.0.31911.196
MinimumVisualStudioVersion = 10.0.40219.1
Project("{FAE04EC0-301F-11D3-BF4B-00C04F79EFBC}") = "ConsoleBookLibrary", "ConsoleBookLibrary\ConsoleBookLibrary.csproj", "{72B6CB6C-7899-4829-94CE-C8A4B17ECCF7}"
EndProject
Global
	GlobalSection(SolutionConfigurationPlatforms) = preSolution
		Debug|Any CPU = Debug|Any CPU
		Release|Any CPU = Release|Any CPU
	EndGlobalSection
	GlobalSection(ProjectConfigurationPlatforms) = postSolution
		{72B6CB6C-7899-4829-94CE-C8A4B17ECCF7}.Debug|Any CPU.ActiveCfg = Debug|Any CPU
		{72B6CB6C-7899-4829-94CE-C8A4B17ECCF7}.Debug|Any CPU.Build.0 = Debug|Any CPU
		{72B6CB6C-7899-4829-94CE-C8A4B17ECCF7}.Release|Any CPU.ActiveCfg = Release|Any CPU
		{72B6CB6C-7899-4829-94CE-C8A4B17ECCF7}.Release|Any CPU.Build.0 = Release|Any CPU
	EndGlobalSection
	GlobalSection(SolutionProperties) = preSolution
		HideSolutionNode = FALSE
	EndGlobalSection
	GlobalSection(ExtensibilityGlobals) = postSolution
		SolutionGuid = {4A428DA6-FDAA-4EE6-8069-8AC3A727199A}
	EndGlobalSection
EndGlobal
